
Microsoft Visual Studio Solution File, Format Version 12.00
# Visual Studio 15
Project("{FAE04EC0-301F-11D3-BF4B-00C04F79EFBC}") = "CFXREditor", "CFXREditor.csproj", "{2CD51A2B-AAF2-8789-4078-597777F3301A}"
EndProject
Project("{FAE04EC0-301F-11D3-BF4B-00C04F79EFBC}") = "CFXRRuntime", "CFXRRuntime.csproj", "{A890C2A5-C690-6B29-117B-B5A9145CEA1D}"
EndProject
Project("{FAE04EC0-301F-11D3-BF4B-00C04F79EFBC}") = "Assembly-CSharp", "Assembly-CSharp.csproj", "{B2AB6BDD-EBC9-4FD9-A37F-30CC82FAFDCC}"
EndProject
Project("{FAE04EC0-301F-11D3-BF4B-00C04F79EFBC}") = "CFXR.WelcomeScreen", "CFXR.WelcomeScreen.csproj", "{35D2E4AE-C630-72F8-C32C-C2DDD04C6A3C}"
EndProject
Project("{FAE04EC0-301F-11D3-BF4B-00C04F79EFBC}") = "CFXRDemo", "CFXRDemo.csproj", "{BF4450D3-E7F2-25E3-C753-8C17D8476DB0}"
EndProject
Project("{FAE04EC0-301F-11D3-BF4B-00C04F79EFBC}") = "ToonyColorsPro.Demo.Editor", "ToonyColorsPro.Demo.Editor.csproj", "{4A18F3B5-E21B-50D0-67FF-2681F4E02E7B}"
EndProject
Project("{FAE04EC0-301F-11D3-BF4B-00C04F79EFBC}") = "KinoBloom.Runtime", "KinoBloom.Runtime.csproj", "{D0D18D15-2873-1EBB-C164-6D68ADA88406}"
EndProject
Global
	GlobalSection(SolutionConfigurationPlatforms) = preSolution
		Debug|Any CPU = Debug|Any CPU
		Release|Any CPU = Release|Any CPU
	EndGlobalSection
	GlobalSection(ProjectConfigurationPlatforms) = postSolution
		{2CD51A2B-AAF2-8789-4078-597777F3301A}.Debug|Any CPU.ActiveCfg = Debug|Any CPU
		{2CD51A2B-AAF2-8789-4078-597777F3301A}.Debug|Any CPU.Build.0 = Debug|Any CPU
		{2CD51A2B-AAF2-8789-4078-597777F3301A}.Release|Any CPU.ActiveCfg = Release|Any CPU
		{2CD51A2B-AAF2-8789-4078-597777F3301A}.Release|Any CPU.Build.0 = Release|Any CPU
		{A890C2A5-C690-6B29-117B-B5A9145CEA1D}.Debug|Any CPU.ActiveCfg = Debug|Any CPU
		{A890C2A5-C690-6B29-117B-B5A9145CEA1D}.Debug|Any CPU.Build.0 = Debug|Any CPU
		{A890C2A5-C690-6B29-117B-B5A9145CEA1D}.Release|Any CPU.ActiveCfg = Release|Any CPU
		{A890C2A5-C690-6B29-117B-B5A9145CEA1D}.Release|Any CPU.Build.0 = Release|Any CPU
		{B2AB6BDD-EBC9-4FD9-A37F-30CC82FAFDCC}.Debug|Any CPU.ActiveCfg = Debug|Any CPU
		{B2AB6BDD-EBC9-4FD9-A37F-30CC82FAFDCC}.Debug|Any CPU.Build.0 = Debug|Any CPU
		{B2AB6BDD-EBC9-4FD9-A37F-30CC82FAFDCC}.Release|Any CPU.ActiveCfg = Release|Any CPU
		{B2AB6BDD-EBC9-4FD9-A37F-30CC82FAFDCC}.Release|Any CPU.Build.0 = Release|Any CPU
		{35D2E4AE-C630-72F8-C32C-C2DDD04C6A3C}.Debug|Any CPU.ActiveCfg = Debug|Any CPU
		{35D2E4AE-C630-72F8-C32C-C2DDD04C6A3C}.Debug|Any CPU.Build.0 = Debug|Any CPU
		{35D2E4AE-C630-72F8-C32C-C2DDD04C6A3C}.Release|Any CPU.ActiveCfg = Release|Any CPU
		{35D2E4AE-C630-72F8-C32C-C2DDD04C6A3C}.Release|Any CPU.Build.0 = Release|Any CPU
		{BF4450D3-E7F2-25E3-C753-8C17D8476DB0}.Debug|Any CPU.ActiveCfg = Debug|Any CPU
		{BF4450D3-E7F2-25E3-C753-8C17D8476DB0}.Debug|Any CPU.Build.0 = Debug|Any CPU
		{BF4450D3-E7F2-25E3-C753-8C17D8476DB0}.Release|Any CPU.ActiveCfg = Release|Any CPU
		{BF4450D3-E7F2-25E3-C753-8C17D8476DB0}.Release|Any CPU.Build.0 = Release|Any CPU
		{4A18F3B5-E21B-50D0-67FF-2681F4E02E7B}.Debug|Any CPU.ActiveCfg = Debug|Any CPU
		{4A18F3B5-E21B-50D0-67FF-2681F4E02E7B}.Debug|Any CPU.Build.0 = Debug|Any CPU
		{4A18F3B5-E21B-50D0-67FF-2681F4E02E7B}.Release|Any CPU.ActiveCfg = Release|Any CPU
		{4A18F3B5-E21B-50D0-67FF-2681F4E02E7B}.Release|Any CPU.Build.0 = Release|Any CPU
		{D0D18D15-2873-1EBB-C164-6D68ADA88406}.Debug|Any CPU.ActiveCfg = Debug|Any CPU
		{D0D18D15-2873-1EBB-C164-6D68ADA88406}.Debug|Any CPU.Build.0 = Debug|Any CPU
		{D0D18D15-2873-1EBB-C164-6D68ADA88406}.Release|Any CPU.ActiveCfg = Release|Any CPU
		{D0D18D15-2873-1EBB-C164-6D68ADA88406}.Release|Any CPU.Build.0 = Release|Any CPU
	EndGlobalSection
	GlobalSection(SolutionProperties) = preSolution
		HideSolutionNode = FALSE
	EndGlobalSection
EndGlobal
